
Microsoft Visual Studio Solution File, Format Version 12.00
# Visual Studio Version 17
VisualStudioVersion = 17.0.31903.59
MinimumVisualStudioVersion = 10.0.40219.1
Project("{FAE04EC0-301F-11D3-BF4B-00C04F79EFBC}") = "Streamphony.Domain", "Streamphony.Domain\Streamphony.Domain.csproj", "{634053A2-1524-4BB5-9B23-C1664AA2024E}"
EndProject
Project("{FAE04EC0-301F-11D3-BF4B-00C04F79EFBC}") = "Streamphony.Application", "Streamphony.Application\Streamphony.Application.csproj", "{0734A0E0-37A0-4B71-81AE-552EFD0F89C4}"
EndProject
Project("{FAE04EC0-301F-11D3-BF4B-00C04F79EFBC}") = "Streamphony.Infrastructure", "Streamphony.Infrastructure\Streamphony.Infrastructure.csproj", "{4648A924-C034-4BF5-B9A4-21A920E1A044}"
EndProject
Project("{FAE04EC0-301F-11D3-BF4B-00C04F79EFBC}") = "Streamphony.WebAPI", "Streamphony.WebAPI\Streamphony.WebAPI.csproj", "{4E90E2F0-3BC9-4A98-9143-917543092125}"
EndProject
Project("{2150E333-8FDC-42A3-9474-1A3956D46DE8}") = "Tests", "Tests", "{42A11A56-2C09-416C-840F-5538B4AAD270}"
EndProject
Project("{FAE04EC0-301F-11D3-BF4B-00C04F79EFBC}") = "Streamphony.Application.Tests", "Tests\Streamphony.Application.Tests\Streamphony.Application.Tests.csproj", "{FF534034-0442-4E3A-969B-572619759D51}"
EndProject
Project("{FAE04EC0-301F-11D3-BF4B-00C04F79EFBC}") = "Streamphony.Domain.Tests", "Tests\Streamphony.Domain.Tests\Streamphony.Domain.Tests.csproj", "{44B451A1-FEDD-4A16-9E4B-0D81B0CD4555}"
EndProject
Project("{FAE04EC0-301F-11D3-BF4B-00C04F79EFBC}") = "Streamphony.Infrastructure.Tests", "Tests\Streamphony.Infrastructure.Tests\Streamphony.Infrastructure.Tests.csproj", "{D11B5B89-02CE-4456-AD45-52C42495EA25}"
EndProject
Project("{FAE04EC0-301F-11D3-BF4B-00C04F79EFBC}") = "Streamphony.WebAPI.Tests", "Tests\Streamphony.WebAPI.Tests\Streamphony.WebAPI.Tests.csproj", "{FF03E556-3C21-4890-B276-AC2F527E073D}"
EndProject
Global
	GlobalSection(SolutionConfigurationPlatforms) = preSolution
		Debug|Any CPU = Debug|Any CPU
		Release|Any CPU = Release|Any CPU
	EndGlobalSection
	GlobalSection(SolutionProperties) = preSolution
		HideSolutionNode = FALSE
	EndGlobalSection
	GlobalSection(ProjectConfigurationPlatforms) = postSolution
		{634053A2-1524-4BB5-9B23-C1664AA2024E}.Debug|Any CPU.ActiveCfg = Debug|Any CPU
		{634053A2-1524-4BB5-9B23-C1664AA2024E}.Debug|Any CPU.Build.0 = Debug|Any CPU
		{634053A2-1524-4BB5-9B23-C1664AA2024E}.Release|Any CPU.ActiveCfg = Release|Any CPU
		{634053A2-1524-4BB5-9B23-C1664AA2024E}.Release|Any CPU.Build.0 = Release|Any CPU
		{0734A0E0-37A0-4B71-81AE-552EFD0F89C4}.Debug|Any CPU.ActiveCfg = Debug|Any CPU
		{0734A0E0-37A0-4B71-81AE-552EFD0F89C4}.Debug|Any CPU.Build.0 = Debug|Any CPU
		{0734A0E0-37A0-4B71-81AE-552EFD0F89C4}.Release|Any CPU.ActiveCfg = Release|Any CPU
		{0734A0E0-37A0-4B71-81AE-552EFD0F89C4}.Release|Any CPU.Build.0 = Release|Any CPU
		{4648A924-C034-4BF5-B9A4-21A920E1A044}.Debug|Any CPU.ActiveCfg = Debug|Any CPU
		{4648A924-C034-4BF5-B9A4-21A920E1A044}.Debug|Any CPU.Build.0 = Debug|Any CPU
		{4648A924-C034-4BF5-B9A4-21A920E1A044}.Release|Any CPU.ActiveCfg = Release|Any CPU
		{4648A924-C034-4BF5-B9A4-21A920E1A044}.Release|Any CPU.Build.0 = Release|Any CPU
		{4E90E2F0-3BC9-4A98-9143-917543092125}.Debug|Any CPU.ActiveCfg = Debug|Any CPU
		{4E90E2F0-3BC9-4A98-9143-917543092125}.Debug|Any CPU.Build.0 = Debug|Any CPU
		{4E90E2F0-3BC9-4A98-9143-917543092125}.Release|Any CPU.ActiveCfg = Release|Any CPU
		{4E90E2F0-3BC9-4A98-9143-917543092125}.Release|Any CPU.Build.0 = Release|Any CPU
		{FF534034-0442-4E3A-969B-572619759D51}.Debug|Any CPU.ActiveCfg = Debug|Any CPU
		{FF534034-0442-4E3A-969B-572619759D51}.Debug|Any CPU.Build.0 = Debug|Any CPU
		{FF534034-0442-4E3A-969B-572619759D51}.Release|Any CPU.ActiveCfg = Release|Any CPU
		{FF534034-0442-4E3A-969B-572619759D51}.Release|Any CPU.Build.0 = Release|Any CPU
		{44B451A1-FEDD-4A16-9E4B-0D81B0CD4555}.Debug|Any CPU.ActiveCfg = Debug|Any CPU
		{44B451A1-FEDD-4A16-9E4B-0D81B0CD4555}.Debug|Any CPU.Build.0 = Debug|Any CPU
		{44B451A1-FEDD-4A16-9E4B-0D81B0CD4555}.Release|Any CPU.ActiveCfg = Release|Any CPU
		{44B451A1-FEDD-4A16-9E4B-0D81B0CD4555}.Release|Any CPU.Build.0 = Release|Any CPU
		{D11B5B89-02CE-4456-AD45-52C42495EA25}.Debug|Any CPU.ActiveCfg = Debug|Any CPU
		{D11B5B89-02CE-4456-AD45-52C42495EA25}.Debug|Any CPU.Build.0 = Debug|Any CPU
		{D11B5B89-02CE-4456-AD45-52C42495EA25}.Release|Any CPU.ActiveCfg = Release|Any CPU
		{D11B5B89-02CE-4456-AD45-52C42495EA25}.Release|Any CPU.Build.0 = Release|Any CPU
		{872B0682-4B40-4E41-9DF4-75E18CC3A414}.Debug|Any CPU.ActiveCfg = Debug|Any CPU
		{872B0682-4B40-4E41-9DF4-75E18CC3A414}.Debug|Any CPU.Build.0 = Debug|Any CPU
		{872B0682-4B40-4E41-9DF4-75E18CC3A414}.Release|Any CPU.ActiveCfg = Release|Any CPU
		{872B0682-4B40-4E41-9DF4-75E18CC3A414}.Release|Any CPU.Build.0 = Release|Any CPU
		{FF03E556-3C21-4890-B276-AC2F527E073D}.Debug|Any CPU.ActiveCfg = Debug|Any CPU
		{FF03E556-3C21-4890-B276-AC2F527E073D}.Debug|Any CPU.Build.0 = Debug|Any CPU
		{FF03E556-3C21-4890-B276-AC2F527E073D}.Release|Any CPU.ActiveCfg = Release|Any CPU
		{FF03E556-3C21-4890-B276-AC2F527E073D}.Release|Any CPU.Build.0 = Release|Any CPU
	EndGlobalSection
	GlobalSection(NestedProjects) = preSolution
		{FF534034-0442-4E3A-969B-572619759D51} = {42A11A56-2C09-416C-840F-5538B4AAD270}
		{44B451A1-FEDD-4A16-9E4B-0D81B0CD4555} = {42A11A56-2C09-416C-840F-5538B4AAD270}
		{D11B5B89-02CE-4456-AD45-52C42495EA25} = {42A11A56-2C09-416C-840F-5538B4AAD270}
		{FF03E556-3C21-4890-B276-AC2F527E073D} = {42A11A56-2C09-416C-840F-5538B4AAD270}
	EndGlobalSection
EndGlobal
